
Microsoft Visual Studio Solution File, Format Version 12.00
# Visual Studio Version 17
VisualStudioVersion = 17.8.34316.72
MinimumVisualStudioVersion = 10.0.40219.1
Project("{FAE04EC0-301F-11D3-BF4B-00C04F79EFBC}") = "ExercicioDeArquivos", "ExercicioDeArquivos\ExercicioDeArquivos.csproj", "{8BEE3D1F-BB3A-4A77-B13B-544EF45DA4AB}"
EndProject
Global
	GlobalSection(SolutionConfigurationPlatforms) = preSolution
		Debug|Any CPU = Debug|Any CPU
		Release|Any CPU = Release|Any CPU
	EndGlobalSection
	GlobalSection(ProjectConfigurationPlatforms) = postSolution
		{8BEE3D1F-BB3A-4A77-B13B-544EF45DA4AB}.Debug|Any CPU.ActiveCfg = Debug|Any CPU
		{8BEE3D1F-BB3A-4A77-B13B-544EF45DA4AB}.Debug|Any CPU.Build.0 = Debug|Any CPU
		{8BEE3D1F-BB3A-4A77-B13B-544EF45DA4AB}.Release|Any CPU.ActiveCfg = Release|Any CPU
		{8BEE3D1F-BB3A-4A77-B13B-544EF45DA4AB}.Release|Any CPU.Build.0 = Release|Any CPU
	EndGlobalSection
	GlobalSection(SolutionProperties) = preSolution
		HideSolutionNode = FALSE
	EndGlobalSection
	GlobalSection(ExtensibilityGlobals) = postSolution
		SolutionGuid = {4ECB4572-76C9-4DC4-9CF9-7A501BECF95D}
	EndGlobalSection
EndGlobal
